
Microsoft Visual Studio Solution File, Format Version 12.00
# Visual Studio 15
VisualStudioVersion = 15.0.28307.757
MinimumVisualStudioVersion = 10.0.40219.1
Project("{FAE04EC0-301F-11D3-BF4B-00C04F79EFBC}") = "ChineseSubtitleConversionTool", "ChineseSubtitleConversionTool\ChineseSubtitleConversionTool.csproj", "{A0801C9D-556C-419C-87C9-2B9AD95D9C84}"
EndProject
Global
	GlobalSection(SolutionConfigurationPlatforms) = preSolution
		Debug|Any CPU = Debug|Any CPU
		Release|Any CPU = Release|Any CPU
	EndGlobalSection
	GlobalSection(ProjectConfigurationPlatforms) = postSolution
		{A0801C9D-556C-419C-87C9-2B9AD95D9C84}.Debug|Any CPU.ActiveCfg = Debug|Any CPU
		{A0801C9D-556C-419C-87C9-2B9AD95D9C84}.Debug|Any CPU.Build.0 = Debug|Any CPU
		{A0801C9D-556C-419C-87C9-2B9AD95D9C84}.Release|Any CPU.ActiveCfg = Release|Any CPU
		{A0801C9D-556C-419C-87C9-2B9AD95D9C84}.Release|Any CPU.Build.0 = Release|Any CPU
	EndGlobalSection
	GlobalSection(SolutionProperties) = preSolution
		HideSolutionNode = FALSE
	EndGlobalSection
	GlobalSection(ExtensibilityGlobals) = postSolution
		SolutionGuid = {D348E5CC-2193-43C0-850F-B91F7335C947}
	EndGlobalSection
EndGlobal
